
Microsoft Visual Studio Solution File, Format Version 12.00
# Visual Studio Version 17
VisualStudioVersion = 17.13.35931.197
MinimumVisualStudioVersion = 10.0.40219.1
Project("{FAE04EC0-301F-11D3-BF4B-00C04F79EFBC}") = "AppCarro", "AppCarro\AppCarro.csproj", "{C581D2B7-FB7C-45EB-BADC-CA9F0F59A515}"
EndProject
Project("{FAE04EC0-301F-11D3-BF4B-00C04F79EFBC}") = "ConsoleApp1", "ConsoleApp1\ConsoleApp1.csproj", "{9301762B-9C5F-4995-9985-493A43C3F9C6}"
EndProject
Global
	GlobalSection(SolutionConfigurationPlatforms) = preSolution
		Debug|Any CPU = Debug|Any CPU
		Release|Any CPU = Release|Any CPU
	EndGlobalSection
	GlobalSection(ProjectConfigurationPlatforms) = postSolution
		{C581D2B7-FB7C-45EB-BADC-CA9F0F59A515}.Debug|Any CPU.ActiveCfg = Debug|Any CPU
		{C581D2B7-FB7C-45EB-BADC-CA9F0F59A515}.Debug|Any CPU.Build.0 = Debug|Any CPU
		{C581D2B7-FB7C-45EB-BADC-CA9F0F59A515}.Debug|Any CPU.Deploy.0 = Debug|Any CPU
		{C581D2B7-FB7C-45EB-BADC-CA9F0F59A515}.Release|Any CPU.ActiveCfg = Release|Any CPU
		{C581D2B7-FB7C-45EB-BADC-CA9F0F59A515}.Release|Any CPU.Build.0 = Release|Any CPU
		{C581D2B7-FB7C-45EB-BADC-CA9F0F59A515}.Release|Any CPU.Deploy.0 = Release|Any CPU
		{9301762B-9C5F-4995-9985-493A43C3F9C6}.Debug|Any CPU.ActiveCfg = Debug|Any CPU
		{9301762B-9C5F-4995-9985-493A43C3F9C6}.Debug|Any CPU.Build.0 = Debug|Any CPU
		{9301762B-9C5F-4995-9985-493A43C3F9C6}.Release|Any CPU.ActiveCfg = Release|Any CPU
		{9301762B-9C5F-4995-9985-493A43C3F9C6}.Release|Any CPU.Build.0 = Release|Any CPU
	EndGlobalSection
	GlobalSection(SolutionProperties) = preSolution
		HideSolutionNode = FALSE
	EndGlobalSection
	GlobalSection(ExtensibilityGlobals) = postSolution
		SolutionGuid = {09358E66-35BB-4D22-B04B-A29D2A19FE1C}
	EndGlobalSection
EndGlobal
